
Microsoft Visual Studio Solution File, Format Version 12.00
# Visual Studio Version 17
VisualStudioVersion = 17.10.35027.167
MinimumVisualStudioVersion = 10.0.40219.1
Project("{E24C65DC-7377-472B-9ABA-BC803B73C61A}") = "Portfolio Test 1", "http://localhost:60792", "{DCA254D4-4378-47DB-9C32-9203CCFEF462}"
	ProjectSection(WebsiteProperties) = preProject
		UseIISExpress = "true"
		TargetFrameworkMoniker = ".NETFramework,Version%3Dv4.8"
		Debug.AspNetCompiler.VirtualPath = "/localhost_60792"
		Debug.AspNetCompiler.PhysicalPath = "..\..\..\Documents\My Web Sites\Portfolio Test 1\"
		Debug.AspNetCompiler.TargetPath = "PrecompiledWeb\localhost_60792\"
		Debug.AspNetCompiler.Updateable = "true"
		Debug.AspNetCompiler.ForceOverwrite = "true"
		Debug.AspNetCompiler.FixedNames = "false"
		Debug.AspNetCompiler.Debug = "True"
		Release.AspNetCompiler.VirtualPath = "/localhost_60792"
		Release.AspNetCompiler.PhysicalPath = "..\..\..\Documents\My Web Sites\Portfolio Test 1\"
		Release.AspNetCompiler.TargetPath = "PrecompiledWeb\localhost_60792\"
		Release.AspNetCompiler.Updateable = "true"
		Release.AspNetCompiler.ForceOverwrite = "true"
		Release.AspNetCompiler.FixedNames = "false"
		Release.AspNetCompiler.Debug = "False"
		SlnRelativePath = "..\..\..\Documents\My Web Sites\Portfolio Test 1\"
	EndProjectSection
EndProject
Global
	GlobalSection(SolutionConfigurationPlatforms) = preSolution
		Debug|Any CPU = Debug|Any CPU
	EndGlobalSection
	GlobalSection(ProjectConfigurationPlatforms) = postSolution
		{DCA254D4-4378-47DB-9C32-9203CCFEF462}.Debug|Any CPU.ActiveCfg = Debug|Any CPU
		{DCA254D4-4378-47DB-9C32-9203CCFEF462}.Debug|Any CPU.Build.0 = Debug|Any CPU
	EndGlobalSection
	GlobalSection(SolutionProperties) = preSolution
		HideSolutionNode = FALSE
	EndGlobalSection
	GlobalSection(ExtensibilityGlobals) = postSolution
		SolutionGuid = {90722317-CAB1-45B7-ACFA-1A717FD6CD13}
	EndGlobalSection
EndGlobal
